// !$*UTF8*$!
{
	archiveVersion = 1;
	classes = {
	};
	objectVersion = 55;
	objects = {

/* Begin PBXAggregateTarget section */
		44E42D6227531BE400BDD3DC /* Prepare Release */ = {
			isa = PBXAggregateTarget;
			buildConfigurationList = 44E42D6527531BE400BDD3DC /* Build configuration list for PBXAggregateTarget "Prepare Release" */;
			buildPhases = (
				44E42D6627531BED00BDD3DC /* Increment Build Number */,
			);
			dependencies = (
			);
			name = "Prepare Release";
			productName = "Prepare Release";
		};
/* End PBXAggregateTarget section */

/* Begin PBXBuildFile section */
		011C15B6272E1635003422E5 /* Defaults.swift in Sources */ = {isa = PBXBuildFile; fileRef = 011C15B5272E1635003422E5 /* Defaults.swift */; };
		011C15B8272F36D3003422E5 /* NSBezierPath.swift in Sources */ = {isa = PBXBuildFile; fileRef = 011C15B7272F36D3003422E5 /* NSBezierPath.swift */; };
		012BA33A27363699008AF04E /* CylonEffect.swift in Sources */ = {isa = PBXBuildFile; fileRef = 012BA33927363699008AF04E /* CylonEffect.swift */; };
		012BA33C273749A5008AF04E /* NotchExtensions.swift in Sources */ = {isa = PBXBuildFile; fileRef = 012BA33B273749A5008AF04E /* NotchExtensions.swift */; };
		440EAB84275812AD009DBAF5 /* Credits.rtf in Resources */ = {isa = PBXBuildFile; fileRef = 440EAB83275812AD009DBAF5 /* Credits.rtf */; };
		441BC79E27629D5800BE0F01 /* WindowController.swift in Sources */ = {isa = PBXBuildFile; fileRef = 441BC79D27629D5800BE0F01 /* WindowController.swift */; };
		441C5AB2272C9FD10094507E /* AppDelegate.swift in Sources */ = {isa = PBXBuildFile; fileRef = 441C5AB1272C9FD10094507E /* AppDelegate.swift */; };
		441C5AB4272C9FD10094507E /* ViewController.swift in Sources */ = {isa = PBXBuildFile; fileRef = 441C5AB3272C9FD10094507E /* ViewController.swift */; };
		441C5AB6272C9FD30094507E /* Assets.xcassets in Resources */ = {isa = PBXBuildFile; fileRef = 441C5AB5272C9FD30094507E /* Assets.xcassets */; };
		441C5AB9272C9FD30094507E /* Main.storyboard in Resources */ = {isa = PBXBuildFile; fileRef = 441C5AB7272C9FD30094507E /* Main.storyboard */; };
		441C5AC1272CA0790094507E /* NotchWindow.swift in Sources */ = {isa = PBXBuildFile; fileRef = 441C5AC0272CA0780094507E /* NotchWindow.swift */; };
		441C5AC3272CA5310094507E /* NotchView.swift in Sources */ = {isa = PBXBuildFile; fileRef = 441C5AC2272CA5310094507E /* NotchView.swift */; };
		441C5AC5272CA72F0094507E /* Debug.swift in Sources */ = {isa = PBXBuildFile; fileRef = 441C5AC4272CA72F0094507E /* Debug.swift */; };
		441C5AC7272CB2B00094507E /* CoreAnimation.swift in Sources */ = {isa = PBXBuildFile; fileRef = 441C5AC6272CB2B00094507E /* CoreAnimation.swift */; };
		44961D7E27372F4D004E1A0B /* NotchEffect.swift in Sources */ = {isa = PBXBuildFile; fileRef = 44961D7D27372F4D004E1A0B /* NotchEffect.swift */; };
		44961D80273732ED004E1A0B /* GlowEffect.swift in Sources */ = {isa = PBXBuildFile; fileRef = 44961D7F273732ED004E1A0B /* GlowEffect.swift */; };
		44961D82273B3E42004E1A0B /* TrackingView.swift in Sources */ = {isa = PBXBuildFile; fileRef = 44961D81273B3E42004E1A0B /* TrackingView.swift */; };
		44A68CEB273DBD5500CCBCF4 /* PlasmaEffect.swift in Sources */ = {isa = PBXBuildFile; fileRef = 44A68CEA273DBD5500CCBCF4 /* PlasmaEffect.swift */; };
		44A68CED273E18C900CCBCF4 /* CoreGraphics.swift in Sources */ = {isa = PBXBuildFile; fileRef = 44A68CEC273E18C900CCBCF4 /* CoreGraphics.swift */; };
		44A68CF427431A0700CCBCF4 /* FakeNotchView.xib in Resources */ = {isa = PBXBuildFile; fileRef = 44A68CF327431A0700CCBCF4 /* FakeNotchView.xib */; };
		44A817B0274322A300731822 /* FakeNotchView.swift in Sources */ = {isa = PBXBuildFile; fileRef = 44A817AF274322A300731822 /* FakeNotchView.swift */; };
		44A817B627446C5200731822 /* FestiveEffect.swift in Sources */ = {isa = PBXBuildFile; fileRef = 44A817B527446C5200731822 /* FestiveEffect.swift */; };
		44E32191274C528200358040 /* RadarEffect.swift in Sources */ = {isa = PBXBuildFile; fileRef = 44E32190274C528200358040 /* RadarEffect.swift */; };
		44E42D6A2756DA0500BDD3DC /* Effects.swift in Sources */ = {isa = PBXBuildFile; fileRef = 44E42D692756DA0500BDD3DC /* Effects.swift */; };
		44E42D6C27570B2500BDD3DC /* DebugViewController.swift in Sources */ = {isa = PBXBuildFile; fileRef = 44E42D6B27570B2500BDD3DC /* DebugViewController.swift */; };
/* End PBXBuildFile section */

/* Begin PBXContainerItemProxy section */
		44E42D6727531CCC00BDD3DC /* PBXContainerItemProxy */ = {
			isa = PBXContainerItemProxy;
			containerPortal = 441C5AA6272C9FD10094507E /* Project object */;
			proxyType = 1;
			remoteGlobalIDString = 44E42D6227531BE400BDD3DC;
			remoteInfo = "Prepare Release";
		};
/* End PBXContainerItemProxy section */

/* Begin PBXFileReference section */
		011C15B5272E1635003422E5 /* Defaults.swift */ = {isa = PBXFileReference; lastKnownFileType = sourcecode.swift; path = Defaults.swift; sourceTree = "<group>"; };
		011C15B7272F36D3003422E5 /* NSBezierPath.swift */ = {isa = PBXFileReference; lastKnownFileType = sourcecode.swift; path = NSBezierPath.swift; sourceTree = "<group>"; };
		012BA33927363699008AF04E /* CylonEffect.swift */ = {isa = PBXFileReference; lastKnownFileType = sourcecode.swift; path = CylonEffect.swift; sourceTree = "<group>"; };
		012BA33B273749A5008AF04E /* NotchExtensions.swift */ = {isa = PBXFileReference; lastKnownFileType = sourcecode.swift; path = NotchExtensions.swift; sourceTree = "<group>"; };
		012BA33E273865ED008AF04E /* Notch Playground.playground */ = {isa = PBXFileReference; lastKnownFileType = file.playground; path = "Notch Playground.playground"; sourceTree = "<group>"; xcLanguageSpecificationIdentifier = xcode.lang.swift; };
		440EAB83275812AD009DBAF5 /* Credits.rtf */ = {isa = PBXFileReference; lastKnownFileType = text.rtf; path = Credits.rtf; sourceTree = "<group>"; };
		441BC79D27629D5800BE0F01 /* WindowController.swift */ = {isa = PBXFileReference; lastKnownFileType = sourcecode.swift; path = WindowController.swift; sourceTree = "<group>"; };
		441C5AAE272C9FD10094507E /* Notchmeister.app */ = {isa = PBXFileReference; explicitFileType = wrapper.application; includeInIndex = 0; path = Notchmeister.app; sourceTree = BUILT_PRODUCTS_DIR; };
		441C5AB1272C9FD10094507E /* AppDelegate.swift */ = {isa = PBXFileReference; lastKnownFileType = sourcecode.swift; path = AppDelegate.swift; sourceTree = "<group>"; };
		441C5AB3272C9FD10094507E /* ViewController.swift */ = {isa = PBXFileReference; lastKnownFileType = sourcecode.swift; path = ViewController.swift; sourceTree = "<group>"; };
		441C5AB5272C9FD30094507E /* Assets.xcassets */ = {isa = PBXFileReference; lastKnownFileType = folder.assetcatalog; path = Assets.xcassets; sourceTree = "<group>"; };
		441C5AB8272C9FD30094507E /* Base */ = {isa = PBXFileReference; lastKnownFileType = file.storyboard; name = Base; path = Base.lproj/Main.storyboard; sourceTree = "<group>"; };
		441C5ABA272C9FD30094507E /* Notchmeister.entitlements */ = {isa = PBXFileReference; lastKnownFileType = text.plist.entitlements; path = Notchmeister.entitlements; sourceTree = "<group>"; };
		441C5AC0272CA0780094507E /* NotchWindow.swift */ = {isa = PBXFileReference; fileEncoding = 4; lastKnownFileType = sourcecode.swift; path = NotchWindow.swift; sourceTree = "<group>"; };
		441C5AC2272CA5310094507E /* NotchView.swift */ = {isa = PBXFileReference; lastKnownFileType = sourcecode.swift; path = NotchView.swift; sourceTree = "<group>"; };
		441C5AC4272CA72F0094507E /* Debug.swift */ = {isa = PBXFileReference; fileEncoding = 4; lastKnownFileType = sourcecode.swift; path = Debug.swift; sourceTree = "<group>"; };
		441C5AC6272CB2B00094507E /* CoreAnimation.swift */ = {isa = PBXFileReference; lastKnownFileType = sourcecode.swift; path = CoreAnimation.swift; sourceTree = "<group>"; };
		44961D7D27372F4D004E1A0B /* NotchEffect.swift */ = {isa = PBXFileReference; lastKnownFileType = sourcecode.swift; path = NotchEffect.swift; sourceTree = "<group>"; };
		44961D7F273732ED004E1A0B /* GlowEffect.swift */ = {isa = PBXFileReference; lastKnownFileType = sourcecode.swift; path = GlowEffect.swift; sourceTree = "<group>"; };
		44961D81273B3E42004E1A0B /* TrackingView.swift */ = {isa = PBXFileReference; lastKnownFileType = sourcecode.swift; path = TrackingView.swift; sourceTree = "<group>"; };
		44A68CEA273DBD5500CCBCF4 /* PlasmaEffect.swift */ = {isa = PBXFileReference; lastKnownFileType = sourcecode.swift; path = PlasmaEffect.swift; sourceTree = "<group>"; };
		44A68CEC273E18C900CCBCF4 /* CoreGraphics.swift */ = {isa = PBXFileReference; fileEncoding = 4; lastKnownFileType = sourcecode.swift; path = CoreGraphics.swift; sourceTree = "<group>"; };
		44A68CF327431A0700CCBCF4 /* FakeNotchView.xib */ = {isa = PBXFileReference; lastKnownFileType = file.xib; path = FakeNotchView.xib; sourceTree = "<group>"; };
		44A817AF274322A300731822 /* FakeNotchView.swift */ = {isa = PBXFileReference; lastKnownFileType = sourcecode.swift; path = FakeNotchView.swift; sourceTree = "<group>"; };
		44A817B527446C5200731822 /* FestiveEffect.swift */ = {isa = PBXFileReference; fileEncoding = 4; lastKnownFileType = sourcecode.swift; path = FestiveEffect.swift; sourceTree = "<group>"; };
		44A817BB2749B8B700731822 /* Experiments */ = {isa = PBXFileReference; lastKnownFileType = folder; name = Experiments; path = ../Experiments; sourceTree = "<group>"; };
		44E32190274C528200358040 /* RadarEffect.swift */ = {isa = PBXFileReference; lastKnownFileType = sourcecode.swift; path = RadarEffect.swift; sourceTree = "<group>"; };
		44E42D692756DA0500BDD3DC /* Effects.swift */ = {isa = PBXFileReference; lastKnownFileType = sourcecode.swift; path = Effects.swift; sourceTree = "<group>"; };
		44E42D6B27570B2500BDD3DC /* DebugViewController.swift */ = {isa = PBXFileReference; fileEncoding = 4; lastKnownFileType = sourcecode.swift; path = DebugViewController.swift; sourceTree = "<group>"; };
		44F0CC482740516500F79D8D /* README.md */ = {isa = PBXFileReference; lastKnownFileType = net.daringfireball.markdown; name = README.md; path = ../README.md; sourceTree = "<group>"; };
		51F8A85A272CCB9100D349F1 /* Notchmeister_project_release.xcconfig */ = {isa = PBXFileReference; lastKnownFileType = text.xcconfig; path = Notchmeister_project_release.xcconfig; sourceTree = "<group>"; };
		51F8A85B272CCB9100D349F1 /* Notchmeister_project_debug.xcconfig */ = {isa = PBXFileReference; lastKnownFileType = text.xcconfig; path = Notchmeister_project_debug.xcconfig; sourceTree = "<group>"; };
		51F8A85D272CCB9200D349F1 /* Notchmeister_macapp_target.xcconfig */ = {isa = PBXFileReference; lastKnownFileType = text.xcconfig; path = Notchmeister_macapp_target.xcconfig; sourceTree = "<group>"; };
		51F8A85E272CCB9200D349F1 /* Notchmeister_project.xcconfig */ = {isa = PBXFileReference; lastKnownFileType = text.xcconfig; path = Notchmeister_project.xcconfig; sourceTree = "<group>"; };
		51F8A861272CCC9C00D349F1 /* Info.plist */ = {isa = PBXFileReference; lastKnownFileType = text.plist.xml; path = Info.plist; sourceTree = "<group>"; };
/* End PBXFileReference section */

/* Begin PBXFrameworksBuildPhase section */
		441C5AAB272C9FD10094507E /* Frameworks */ = {
			isa = PBXFrameworksBuildPhase;
			buildActionMask = 2147483647;
			files = (
			);
			runOnlyForDeploymentPostprocessing = 0;
		};
/* End PBXFrameworksBuildPhase section */

/* Begin PBXGroup section */
		441C5AA5272C9FD10094507E = {
			isa = PBXGroup;
			children = (
				44F0CC482740516500F79D8D /* README.md */,
				012BA33E273865ED008AF04E /* Notch Playground.playground */,
				44A817BB2749B8B700731822 /* Experiments */,
				441C5AB0272C9FD10094507E /* Notchmeister */,
				51F8A854272CC9C300D349F1 /* xcconfig */,
				441C5AAF272C9FD10094507E /* Products */,
			);
			sourceTree = "<group>";
		};
		441C5AAF272C9FD10094507E /* Products */ = {
			isa = PBXGroup;
			children = (
				441C5AAE272C9FD10094507E /* Notchmeister.app */,
			);
			name = Products;
			sourceTree = "<group>";
		};
		441C5AB0272C9FD10094507E /* Notchmeister */ = {
			isa = PBXGroup;
			children = (
				441C5AB1272C9FD10094507E /* AppDelegate.swift */,
				441BC79D27629D5800BE0F01 /* WindowController.swift */,
				441C5AB3272C9FD10094507E /* ViewController.swift */,
				44E42D6B27570B2500BDD3DC /* DebugViewController.swift */,
				441C5AC0272CA0780094507E /* NotchWindow.swift */,
				44961D81273B3E42004E1A0B /* TrackingView.swift */,
				44A817AF274322A300731822 /* FakeNotchView.swift */,
				44A68CF327431A0700CCBCF4 /* FakeNotchView.xib */,
				441C5AC2272CA5310094507E /* NotchView.swift */,
				44961D7D27372F4D004E1A0B /* NotchEffect.swift */,
				012BA33927363699008AF04E /* CylonEffect.swift */,
				44961D7F273732ED004E1A0B /* GlowEffect.swift */,
				44A68CEA273DBD5500CCBCF4 /* PlasmaEffect.swift */,
				44A817B527446C5200731822 /* FestiveEffect.swift */,
				44E32190274C528200358040 /* RadarEffect.swift */,
				44E42D692756DA0500BDD3DC /* Effects.swift */,
				011C15B5272E1635003422E5 /* Defaults.swift */,
				012BA33B273749A5008AF04E /* NotchExtensions.swift */,
				441C5AC6272CB2B00094507E /* CoreAnimation.swift */,
				44A68CEC273E18C900CCBCF4 /* CoreGraphics.swift */,
				011C15B7272F36D3003422E5 /* NSBezierPath.swift */,
				441C5AC4272CA72F0094507E /* Debug.swift */,
				441C5AB5272C9FD30094507E /* Assets.xcassets */,
				441C5AB7272C9FD30094507E /* Main.storyboard */,
				441C5ABA272C9FD30094507E /* Notchmeister.entitlements */,
				51F8A861272CCC9C00D349F1 /* Info.plist */,
				440EAB83275812AD009DBAF5 /* Credits.rtf */,
			);
			path = Notchmeister;
			sourceTree = "<group>";
		};
		51F8A854272CC9C300D349F1 /* xcconfig */ = {
			isa = PBXGroup;
			children = (
				51F8A85D272CCB9200D349F1 /* Notchmeister_macapp_target.xcconfig */,
				51F8A85B272CCB9100D349F1 /* Notchmeister_project_debug.xcconfig */,
				51F8A85A272CCB9100D349F1 /* Notchmeister_project_release.xcconfig */,
				51F8A85E272CCB9200D349F1 /* Notchmeister_project.xcconfig */,
			);
			path = xcconfig;
			sourceTree = "<group>";
		};
/* End PBXGroup section */

/* Begin PBXNativeTarget section */
		441C5AAD272C9FD10094507E /* Notchmeister */ = {
			isa = PBXNativeTarget;
			buildConfigurationList = 441C5ABD272C9FD30094507E /* Build configuration list for PBXNativeTarget "Notchmeister" */;
			buildPhases = (
				441C5AAA272C9FD10094507E /* Sources */,
				441C5AAB272C9FD10094507E /* Frameworks */,
				441C5AAC272C9FD10094507E /* Resources */,
				51F8A860272CCB9B00D349F1 /* Run VerifyNoBS */,
			);
			buildRules = (
			);
			dependencies = (
				44E42D6827531CCC00BDD3DC /* PBXTargetDependency */,
			);
			name = Notchmeister;
			productName = Notchmeister;
			productReference = 441C5AAE272C9FD10094507E /* Notchmeister.app */;
			productType = "com.apple.product-type.application";
		};
/* End PBXNativeTarget section */

/* Begin PBXProject section */
		441C5AA6272C9FD10094507E /* Project object */ = {
			isa = PBXProject;
			attributes = {
				BuildIndependentTargetsInParallel = 1;
				LastSwiftUpdateCheck = 1310;
				LastUpgradeCheck = 1310;
				TargetAttributes = {
					441C5AAD272C9FD10094507E = {
						CreatedOnToolsVersion = 13.1;
					};
					44E42D6227531BE400BDD3DC = {
						CreatedOnToolsVersion = 13.1;
					};
				};
			};
			buildConfigurationList = 441C5AA9272C9FD10094507E /* Build configuration list for PBXProject "Notchmeister" */;
			compatibilityVersion = "Xcode 13.0";
			developmentRegion = en;
			hasScannedForEncodings = 0;
			knownRegions = (
				en,
				Base,
			);
			mainGroup = 441C5AA5272C9FD10094507E;
			productRefGroup = 441C5AAF272C9FD10094507E /* Products */;
			projectDirPath = "";
			projectRoot = "";
			targets = (
				441C5AAD272C9FD10094507E /* Notchmeister */,
				44E42D6227531BE400BDD3DC /* Prepare Release */,
			);
		};
/* End PBXProject section */

/* Begin PBXResourcesBuildPhase section */
		441C5AAC272C9FD10094507E /* Resources */ = {
			isa = PBXResourcesBuildPhase;
			buildActionMask = 2147483647;
			files = (
				441C5AB6272C9FD30094507E /* Assets.xcassets in Resources */,
				44A68CF427431A0700CCBCF4 /* FakeNotchView.xib in Resources */,
				441C5AB9272C9FD30094507E /* Main.storyboard in Resources */,
				440EAB84275812AD009DBAF5 /* Credits.rtf in Resources */,
			);
			runOnlyForDeploymentPostprocessing = 0;
		};
/* End PBXResourcesBuildPhase section */

/* Begin PBXShellScriptBuildPhase section */
		44E42D6627531BED00BDD3DC /* Increment Build Number */ = {
			isa = PBXShellScriptBuildPhase;
			buildActionMask = 2147483647;
			files = (
			);
			inputFileListPaths = (
			);
			inputPaths = (
			);
			name = "Increment Build Number";
			outputFileListPaths = (
			);
			outputPaths = (
			);
			runOnlyForDeploymentPostprocessing = 0;
			shellPath = /bin/sh;
			shellScript = "INFO_PLIST=\"$PROJECT_DIR/Notchmeister/Info.plist\"\n\nCURRENT_VERSION=$(/usr/libexec/PlistBuddy -c \"Print :CFBundleShortVersionString\" \"$INFO_PLIST\")\nCURRENT_BUILD=$(/usr/libexec/PlistBuddy -c \"Print :CFBundleVersion\" \"$INFO_PLIST\")\n\nif [ \"$CONFIGURATION\" == \"Release\" ]; then\n    NEW_BUILD=$(($CURRENT_BUILD + 1))\n\n    echo \"Changing build number from $CURRENT_BUILD to $NEW_BUILD...\"\n    /usr/libexec/PlistBuddy -c \"Set :CFBundleVersion $NEW_BUILD\" \"$INFO_PLIST\"\nelse\n    echo \"Development build number is $CURRENT_BUILD...\"\nfi\n\n";
			showEnvVarsInLog = 0;
		};
		51F8A860272CCB9B00D349F1 /* Run VerifyNoBS */ = {
			isa = PBXShellScriptBuildPhase;
			buildActionMask = 2147483647;
			files = (
			);
			inputFileListPaths = (
			);
			inputPaths = (
			);
			name = "Run VerifyNoBS";
			outputFileListPaths = (
			);
			outputPaths = (
			);
			runOnlyForDeploymentPostprocessing = 0;
			shellPath = /bin/sh;
			shellScript = "xcrun -sdk macosx swift ../tools/VerifyNoBS.swift  --xcode  ${PROJECT_DIR}/${PROJECT_NAME}.xcodeproj/project.pbxproj\n";
		};
/* End PBXShellScriptBuildPhase section */

/* Begin PBXSourcesBuildPhase section */
		441C5AAA272C9FD10094507E /* Sources */ = {
			isa = PBXSourcesBuildPhase;
			buildActionMask = 2147483647;
			files = (
				441C5AC1272CA0790094507E /* NotchWindow.swift in Sources */,
				44E32191274C528200358040 /* RadarEffect.swift in Sources */,
				012BA33A27363699008AF04E /* CylonEffect.swift in Sources */,
				011C15B6272E1635003422E5 /* Defaults.swift in Sources */,
				441C5AC5272CA72F0094507E /* Debug.swift in Sources */,
				441C5AC3272CA5310094507E /* NotchView.swift in Sources */,
				011C15B8272F36D3003422E5 /* NSBezierPath.swift in Sources */,
				44E42D6A2756DA0500BDD3DC /* Effects.swift in Sources */,
				441BC79E27629D5800BE0F01 /* WindowController.swift in Sources */,
				012BA33C273749A5008AF04E /* NotchExtensions.swift in Sources */,
				441C5AC7272CB2B00094507E /* CoreAnimation.swift in Sources */,
				44A68CEB273DBD5500CCBCF4 /* PlasmaEffect.swift in Sources */,
				44961D7E27372F4D004E1A0B /* NotchEffect.swift in Sources */,
				44A68CED273E18C900CCBCF4 /* CoreGraphics.swift in Sources */,
				441C5AB4272C9FD10094507E /* ViewController.swift in Sources */,
				44E42D6C27570B2500BDD3DC /* DebugViewController.swift in Sources */,
				44A817B0274322A300731822 /* FakeNotchView.swift in Sources */,
				44961D82273B3E42004E1A0B /* TrackingView.swift in Sources */,
				44961D80273732ED004E1A0B /* GlowEffect.swift in Sources */,
				44A817B627446C5200731822 /* FestiveEffect.swift in Sources */,
				441C5AB2272C9FD10094507E /* AppDelegate.swift in Sources */,
			);
			runOnlyForDeploymentPostprocessing = 0;
		};
/* End PBXSourcesBuildPhase section */

/* Begin PBXTargetDependency section */
		44E42D6827531CCC00BDD3DC /* PBXTargetDependency */ = {
			isa = PBXTargetDependency;
			target = 44E42D6227531BE400BDD3DC /* Prepare Release */;
			targetProxy = 44E42D6727531CCC00BDD3DC /* PBXContainerItemProxy */;
		};
/* End PBXTargetDependency section */

/* Begin PBXVariantGroup section */
		441C5AB7272C9FD30094507E /* Main.storyboard */ = {
			isa = PBXVariantGroup;
			children = (
				441C5AB8272C9FD30094507E /* Base */,
			);
			name = Main.storyboard;
			sourceTree = "<group>";
		};
/* End PBXVariantGroup section */

/* Begin XCBuildConfiguration section */
		441C5ABB272C9FD30094507E /* Debug */ = {
			isa = XCBuildConfiguration;
			baseConfigurationReference = 51F8A85B272CCB9100D349F1 /* Notchmeister_project_debug.xcconfig */;
			buildSettings = {
			};
			name = Debug;
		};
		441C5ABC272C9FD30094507E /* Release */ = {
			isa = XCBuildConfiguration;
			baseConfigurationReference = 51F8A85A272CCB9100D349F1 /* Notchmeister_project_release.xcconfig */;
			buildSettings = {
			};
			name = Release;
		};
		441C5ABE272C9FD30094507E /* Debug */ = {
			isa = XCBuildConfiguration;
			baseConfigurationReference = 51F8A85D272CCB9200D349F1 /* Notchmeister_macapp_target.xcconfig */;
			buildSettings = {
			};
			name = Debug;
		};
		441C5ABF272C9FD30094507E /* Release */ = {
			isa = XCBuildConfiguration;
			baseConfigurationReference = 51F8A85D272CCB9200D349F1 /* Notchmeister_macapp_target.xcconfig */;
			buildSettings = {
			};
			name = Release;
		};
		44E42D6327531BE400BDD3DC /* Debug */ = {
			isa = XCBuildConfiguration;
			buildSettings = {
			};
			name = Debug;
		};
		44E42D6427531BE400BDD3DC /* Release */ = {
			isa = XCBuildConfiguration;
			buildSettings = {
			};
			name = Release;
		};
/* End XCBuildConfiguration section */

/* Begin XCConfigurationList section */
		441C5AA9272C9FD10094507E /* Build configuration list for PBXProject "Notchmeister" */ = {
			isa = XCConfigurationList;
			buildConfigurations = (
				441C5ABB272C9FD30094507E /* Debug */,
				441C5ABC272C9FD30094507E /* Release */,
			);
			defaultConfigurationIsVisible = 0;
			defaultConfigurationName = Release;
		};
		441C5ABD272C9FD30094507E /* Build configuration list for PBXNativeTarget "Notchmeister" */ = {
			isa = XCConfigurationList;
			buildConfigurations = (
				441C5ABE272C9FD30094507E /* Debug */,
				441C5ABF272C9FD30094507E /* Release */,
			);
			defaultConfigurationIsVisible = 0;
			defaultConfigurationName = Release;
		};
		44E42D6527531BE400BDD3DC /* Build configuration list for PBXAggregateTarget "Prepare Release" */ = {
			isa = XCConfigurationList;
			buildConfigurations = (
				44E42D6327531BE400BDD3DC /* Debug */,
				44E42D6427531BE400BDD3DC /* Release */,
			);
			defaultConfigurationIsVisible = 0;
			defaultConfigurationName = Release;
		};
/* End XCConfigurationList section */
	};
	rootObject = 441C5AA6272C9FD10094507E /* Project object */;
}
