// !$*UTF8*$!
{
	archiveVersion = 1;
	classes = {
	};
	objectVersion = 55;
	objects = {

/* Begin PBXBuildFile section */
		441C5AB2272C9FD10094507E /* AppDelegate.swift in Sources */ = {isa = PBXBuildFile; fileRef = 441C5AB1272C9FD10094507E /* AppDelegate.swift */; };
		441C5AB4272C9FD10094507E /* ViewController.swift in Sources */ = {isa = PBXBuildFile; fileRef = 441C5AB3272C9FD10094507E /* ViewController.swift */; };
		441C5AB6272C9FD30094507E /* Assets.xcassets in Resources */ = {isa = PBXBuildFile; fileRef = 441C5AB5272C9FD30094507E /* Assets.xcassets */; };
		441C5AB9272C9FD30094507E /* Main.storyboard in Resources */ = {isa = PBXBuildFile; fileRef = 441C5AB7272C9FD30094507E /* Main.storyboard */; };
		441C5AC1272CA0790094507E /* NotchWindow.swift in Sources */ = {isa = PBXBuildFile; fileRef = 441C5AC0272CA0780094507E /* NotchWindow.swift */; };
		441C5AC3272CA5310094507E /* NotchView.swift in Sources */ = {isa = PBXBuildFile; fileRef = 441C5AC2272CA5310094507E /* NotchView.swift */; };
		441C5AC5272CA72F0094507E /* Debug.swift in Sources */ = {isa = PBXBuildFile; fileRef = 441C5AC4272CA72F0094507E /* Debug.swift */; };
		441C5AC7272CB2B00094507E /* CoreAnimation.swift in Sources */ = {isa = PBXBuildFile; fileRef = 441C5AC6272CB2B00094507E /* CoreAnimation.swift */; };
/* End PBXBuildFile section */

/* Begin PBXFileReference section */
		441C5AAE272C9FD10094507E /* Notchmeister.app */ = {isa = PBXFileReference; explicitFileType = wrapper.application; includeInIndex = 0; path = Notchmeister.app; sourceTree = BUILT_PRODUCTS_DIR; };
		441C5AB1272C9FD10094507E /* AppDelegate.swift */ = {isa = PBXFileReference; lastKnownFileType = sourcecode.swift; path = AppDelegate.swift; sourceTree = "<group>"; };
		441C5AB3272C9FD10094507E /* ViewController.swift */ = {isa = PBXFileReference; lastKnownFileType = sourcecode.swift; path = ViewController.swift; sourceTree = "<group>"; };
		441C5AB5272C9FD30094507E /* Assets.xcassets */ = {isa = PBXFileReference; lastKnownFileType = folder.assetcatalog; path = Assets.xcassets; sourceTree = "<group>"; };
		441C5AB8272C9FD30094507E /* Base */ = {isa = PBXFileReference; lastKnownFileType = file.storyboard; name = Base; path = Base.lproj/Main.storyboard; sourceTree = "<group>"; };
		441C5ABA272C9FD30094507E /* Notchmeister.entitlements */ = {isa = PBXFileReference; lastKnownFileType = text.plist.entitlements; path = Notchmeister.entitlements; sourceTree = "<group>"; };
		441C5AC0272CA0780094507E /* NotchWindow.swift */ = {isa = PBXFileReference; fileEncoding = 4; lastKnownFileType = sourcecode.swift; path = NotchWindow.swift; sourceTree = "<group>"; };
		441C5AC2272CA5310094507E /* NotchView.swift */ = {isa = PBXFileReference; lastKnownFileType = sourcecode.swift; path = NotchView.swift; sourceTree = "<group>"; };
		441C5AC4272CA72F0094507E /* Debug.swift */ = {isa = PBXFileReference; fileEncoding = 4; lastKnownFileType = sourcecode.swift; path = Debug.swift; sourceTree = "<group>"; };
		441C5AC6272CB2B00094507E /* CoreAnimation.swift */ = {isa = PBXFileReference; lastKnownFileType = sourcecode.swift; path = CoreAnimation.swift; sourceTree = "<group>"; };
/* End PBXFileReference section */

/* Begin PBXFrameworksBuildPhase section */
		441C5AAB272C9FD10094507E /* Frameworks */ = {
			isa = PBXFrameworksBuildPhase;
			buildActionMask = 2147483647;
			files = (
			);
			runOnlyForDeploymentPostprocessing = 0;
		};
/* End PBXFrameworksBuildPhase section */

/* Begin PBXGroup section */
		441C5AA5272C9FD10094507E = {
			isa = PBXGroup;
			children = (
				441C5AB0272C9FD10094507E /* Notchmeister */,
				441C5AAF272C9FD10094507E /* Products */,
			);
			sourceTree = "<group>";
		};
		441C5AAF272C9FD10094507E /* Products */ = {
			isa = PBXGroup;
			children = (
				441C5AAE272C9FD10094507E /* Notchmeister.app */,
			);
			name = Products;
			sourceTree = "<group>";
		};
		441C5AB0272C9FD10094507E /* Notchmeister */ = {
			isa = PBXGroup;
			children = (
				441C5AB1272C9FD10094507E /* AppDelegate.swift */,
				441C5AB3272C9FD10094507E /* ViewController.swift */,
				441C5AC0272CA0780094507E /* NotchWindow.swift */,
				441C5AC2272CA5310094507E /* NotchView.swift */,
				441C5AC6272CB2B00094507E /* CoreAnimation.swift */,
				441C5AC4272CA72F0094507E /* Debug.swift */,
				441C5AB5272C9FD30094507E /* Assets.xcassets */,
				441C5AB7272C9FD30094507E /* Main.storyboard */,
				441C5ABA272C9FD30094507E /* Notchmeister.entitlements */,
			);
			path = Notchmeister;
			sourceTree = "<group>";
		};
/* End PBXGroup section */

/* Begin PBXNativeTarget section */
		441C5AAD272C9FD10094507E /* Notchmeister */ = {
			isa = PBXNativeTarget;
			buildConfigurationList = 441C5ABD272C9FD30094507E /* Build configuration list for PBXNativeTarget "Notchmeister" */;
			buildPhases = (
				441C5AAA272C9FD10094507E /* Sources */,
				441C5AAB272C9FD10094507E /* Frameworks */,
				441C5AAC272C9FD10094507E /* Resources */,
			);
			buildRules = (
			);
			dependencies = (
			);
			name = Notchmeister;
			productName = Notchmeister;
			productReference = 441C5AAE272C9FD10094507E /* Notchmeister.app */;
			productType = "com.apple.product-type.application";
		};
/* End PBXNativeTarget section */

/* Begin PBXProject section */
		441C5AA6272C9FD10094507E /* Project object */ = {
			isa = PBXProject;
			attributes = {
				BuildIndependentTargetsInParallel = 1;
				LastSwiftUpdateCheck = 1310;
				LastUpgradeCheck = 1310;
				TargetAttributes = {
					441C5AAD272C9FD10094507E = {
						CreatedOnToolsVersion = 13.1;
					};
				};
			};
			buildConfigurationList = 441C5AA9272C9FD10094507E /* Build configuration list for PBXProject "Notchmeister" */;
			compatibilityVersion = "Xcode 13.0";
			developmentRegion = en;
			hasScannedForEncodings = 0;
			knownRegions = (
				en,
				Base,
			);
			mainGroup = 441C5AA5272C9FD10094507E;
			productRefGroup = 441C5AAF272C9FD10094507E /* Products */;
			projectDirPath = "";
			projectRoot = "";
			targets = (
				441C5AAD272C9FD10094507E /* Notchmeister */,
			);
		};
/* End PBXProject section */

/* Begin PBXResourcesBuildPhase section */
		441C5AAC272C9FD10094507E /* Resources */ = {
			isa = PBXResourcesBuildPhase;
			buildActionMask = 2147483647;
			files = (
				441C5AB6272C9FD30094507E /* Assets.xcassets in Resources */,
				441C5AB9272C9FD30094507E /* Main.storyboard in Resources */,
			);
			runOnlyForDeploymentPostprocessing = 0;
		};
/* End PBXResourcesBuildPhase section */

/* Begin PBXSourcesBuildPhase section */
		441C5AAA272C9FD10094507E /* Sources */ = {
			isa = PBXSourcesBuildPhase;
			buildActionMask = 2147483647;
			files = (
				441C5AC1272CA0790094507E /* NotchWindow.swift in Sources */,
				441C5AC5272CA72F0094507E /* Debug.swift in Sources */,
				441C5AC3272CA5310094507E /* NotchView.swift in Sources */,
				441C5AC7272CB2B00094507E /* CoreAnimation.swift in Sources */,
				441C5AB4272C9FD10094507E /* ViewController.swift in Sources */,
				441C5AB2272C9FD10094507E /* AppDelegate.swift in Sources */,
			);
			runOnlyForDeploymentPostprocessing = 0;
		};
/* End PBXSourcesBuildPhase section */

/* Begin PBXVariantGroup section */
		441C5AB7272C9FD30094507E /* Main.storyboard */ = {
			isa = PBXVariantGroup;
			children = (
				441C5AB8272C9FD30094507E /* Base */,
			);
			name = Main.storyboard;
			sourceTree = "<group>";
		};
/* End PBXVariantGroup section */

/* Begin XCBuildConfiguration section */
		441C5ABB272C9FD30094507E /* Debug */ = {
			isa = XCBuildConfiguration;
			buildSettings = {
				ALWAYS_SEARCH_USER_PATHS = NO;
				CLANG_ANALYZER_NONNULL = YES;
				CLANG_ANALYZER_NUMBER_OBJECT_CONVERSION = YES_AGGRESSIVE;
				CLANG_CXX_LANGUAGE_STANDARD = "gnu++17";
				CLANG_CXX_LIBRARY = "libc++";
				CLANG_ENABLE_MODULES = YES;
				CLANG_ENABLE_OBJC_ARC = YES;
				CLANG_ENABLE_OBJC_WEAK = YES;
				CLANG_WARN_BLOCK_CAPTURE_AUTORELEASING = YES;
				CLANG_WARN_BOOL_CONVERSION = YES;
				CLANG_WARN_COMMA = YES;
				CLANG_WARN_CONSTANT_CONVERSION = YES;
				CLANG_WARN_DEPRECATED_OBJC_IMPLEMENTATIONS = YES;
				CLANG_WARN_DIRECT_OBJC_ISA_USAGE = YES_ERROR;
				CLANG_WARN_DOCUMENTATION_COMMENTS = YES;
				CLANG_WARN_EMPTY_BODY = YES;
				CLANG_WARN_ENUM_CONVERSION = YES;
				CLANG_WARN_INFINITE_RECURSION = YES;
				CLANG_WARN_INT_CONVERSION = YES;
				CLANG_WARN_NON_LITERAL_NULL_CONVERSION = YES;
				CLANG_WARN_OBJC_IMPLICIT_RETAIN_SELF = YES;
				CLANG_WARN_OBJC_LITERAL_CONVERSION = YES;
				CLANG_WARN_OBJC_ROOT_CLASS = YES_ERROR;
				CLANG_WARN_QUOTED_INCLUDE_IN_FRAMEWORK_HEADER = YES;
				CLANG_WARN_RANGE_LOOP_ANALYSIS = YES;
				CLANG_WARN_STRICT_PROTOTYPES = YES;
				CLANG_WARN_SUSPICIOUS_MOVE = YES;
				CLANG_WARN_UNGUARDED_AVAILABILITY = YES_AGGRESSIVE;
				CLANG_WARN_UNREACHABLE_CODE = YES;
				CLANG_WARN__DUPLICATE_METHOD_MATCH = YES;
				COPY_PHASE_STRIP = NO;
				DEBUG_INFORMATION_FORMAT = dwarf;
				ENABLE_STRICT_OBJC_MSGSEND = YES;
				ENABLE_TESTABILITY = YES;
				GCC_C_LANGUAGE_STANDARD = gnu11;
				GCC_DYNAMIC_NO_PIC = NO;
				GCC_NO_COMMON_BLOCKS = YES;
				GCC_OPTIMIZATION_LEVEL = 0;
				GCC_PREPROCESSOR_DEFINITIONS = (
					"DEBUG=1",
					"$(inherited)",
				);
				GCC_WARN_64_TO_32_BIT_CONVERSION = YES;
				GCC_WARN_ABOUT_RETURN_TYPE = YES_ERROR;
				GCC_WARN_UNDECLARED_SELECTOR = YES;
				GCC_WARN_UNINITIALIZED_AUTOS = YES_AGGRESSIVE;
				GCC_WARN_UNUSED_FUNCTION = YES;
				GCC_WARN_UNUSED_VARIABLE = YES;
				MACOSX_DEPLOYMENT_TARGET = 11.4;
				MTL_ENABLE_DEBUG_INFO = INCLUDE_SOURCE;
				MTL_FAST_MATH = YES;
				ONLY_ACTIVE_ARCH = YES;
				SDKROOT = macosx;
				SWIFT_ACTIVE_COMPILATION_CONDITIONS = DEBUG;
				SWIFT_OPTIMIZATION_LEVEL = "-Onone";
			};
			name = Debug;
		};
		441C5ABC272C9FD30094507E /* Release */ = {
			isa = XCBuildConfiguration;
			buildSettings = {
				ALWAYS_SEARCH_USER_PATHS = NO;
				CLANG_ANALYZER_NONNULL = YES;
				CLANG_ANALYZER_NUMBER_OBJECT_CONVERSION = YES_AGGRESSIVE;
				CLANG_CXX_LANGUAGE_STANDARD = "gnu++17";
				CLANG_CXX_LIBRARY = "libc++";
				CLANG_ENABLE_MODULES = YES;
				CLANG_ENABLE_OBJC_ARC = YES;
				CLANG_ENABLE_OBJC_WEAK = YES;
				CLANG_WARN_BLOCK_CAPTURE_AUTORELEASING = YES;
				CLANG_WARN_BOOL_CONVERSION = YES;
				CLANG_WARN_COMMA = YES;
				CLANG_WARN_CONSTANT_CONVERSION = YES;
				CLANG_WARN_DEPRECATED_OBJC_IMPLEMENTATIONS = YES;
				CLANG_WARN_DIRECT_OBJC_ISA_USAGE = YES_ERROR;
				CLANG_WARN_DOCUMENTATION_COMMENTS = YES;
				CLANG_WARN_EMPTY_BODY = YES;
				CLANG_WARN_ENUM_CONVERSION = YES;
				CLANG_WARN_INFINITE_RECURSION = YES;
				CLANG_WARN_INT_CONVERSION = YES;
				CLANG_WARN_NON_LITERAL_NULL_CONVERSION = YES;
				CLANG_WARN_OBJC_IMPLICIT_RETAIN_SELF = YES;
				CLANG_WARN_OBJC_LITERAL_CONVERSION = YES;
				CLANG_WARN_OBJC_ROOT_CLASS = YES_ERROR;
				CLANG_WARN_QUOTED_INCLUDE_IN_FRAMEWORK_HEADER = YES;
				CLANG_WARN_RANGE_LOOP_ANALYSIS = YES;
				CLANG_WARN_STRICT_PROTOTYPES = YES;
				CLANG_WARN_SUSPICIOUS_MOVE = YES;
				CLANG_WARN_UNGUARDED_AVAILABILITY = YES_AGGRESSIVE;
				CLANG_WARN_UNREACHABLE_CODE = YES;
				CLANG_WARN__DUPLICATE_METHOD_MATCH = YES;
				COPY_PHASE_STRIP = NO;
				DEBUG_INFORMATION_FORMAT = "dwarf-with-dsym";
				ENABLE_NS_ASSERTIONS = NO;
				ENABLE_STRICT_OBJC_MSGSEND = YES;
				GCC_C_LANGUAGE_STANDARD = gnu11;
				GCC_NO_COMMON_BLOCKS = YES;
				GCC_WARN_64_TO_32_BIT_CONVERSION = YES;
				GCC_WARN_ABOUT_RETURN_TYPE = YES_ERROR;
				GCC_WARN_UNDECLARED_SELECTOR = YES;
				GCC_WARN_UNINITIALIZED_AUTOS = YES_AGGRESSIVE;
				GCC_WARN_UNUSED_FUNCTION = YES;
				GCC_WARN_UNUSED_VARIABLE = YES;
				MACOSX_DEPLOYMENT_TARGET = 11.4;
				MTL_ENABLE_DEBUG_INFO = NO;
				MTL_FAST_MATH = YES;
				SDKROOT = macosx;
				SWIFT_COMPILATION_MODE = wholemodule;
				SWIFT_OPTIMIZATION_LEVEL = "-O";
			};
			name = Release;
		};
		441C5ABE272C9FD30094507E /* Debug */ = {
			isa = XCBuildConfiguration;
			buildSettings = {
				ASSETCATALOG_COMPILER_APPICON_NAME = AppIcon;
				ASSETCATALOG_COMPILER_GLOBAL_ACCENT_COLOR_NAME = AccentColor;
				CODE_SIGN_ENTITLEMENTS = Notchmeister/Notchmeister.entitlements;
				CODE_SIGN_STYLE = Automatic;
				COMBINE_HIDPI_IMAGES = YES;
				CURRENT_PROJECT_VERSION = 1;
				DEVELOPMENT_TEAM = P8653R3C2V;
				ENABLE_HARDENED_RUNTIME = YES;
				GENERATE_INFOPLIST_FILE = YES;
				INFOPLIST_KEY_NSHumanReadableCopyright = "";
				INFOPLIST_KEY_NSMainStoryboardFile = Main;
				INFOPLIST_KEY_NSPrincipalClass = NSApplication;
				LD_RUNPATH_SEARCH_PATHS = (
					"$(inherited)",
					"@executable_path/../Frameworks",
				);
				MARKETING_VERSION = 1.0;
				PRODUCT_BUNDLE_IDENTIFIER = com.iconfactory.Notchmeister;
				PRODUCT_NAME = "$(TARGET_NAME)";
				SWIFT_EMIT_LOC_STRINGS = YES;
				SWIFT_VERSION = 5.0;
			};
			name = Debug;
		};
		441C5ABF272C9FD30094507E /* Release */ = {
			isa = XCBuildConfiguration;
			buildSettings = {
				ASSETCATALOG_COMPILER_APPICON_NAME = AppIcon;
				ASSETCATALOG_COMPILER_GLOBAL_ACCENT_COLOR_NAME = AccentColor;
				CODE_SIGN_ENTITLEMENTS = Notchmeister/Notchmeister.entitlements;
				CODE_SIGN_STYLE = Automatic;
				COMBINE_HIDPI_IMAGES = YES;
				CURRENT_PROJECT_VERSION = 1;
				DEVELOPMENT_TEAM = P8653R3C2V;
				ENABLE_HARDENED_RUNTIME = YES;
				GENERATE_INFOPLIST_FILE = YES;
				INFOPLIST_KEY_NSHumanReadableCopyright = "";
				INFOPLIST_KEY_NSMainStoryboardFile = Main;
				INFOPLIST_KEY_NSPrincipalClass = NSApplication;
				LD_RUNPATH_SEARCH_PATHS = (
					"$(inherited)",
					"@executable_path/../Frameworks",
				);
				MARKETING_VERSION = 1.0;
				PRODUCT_BUNDLE_IDENTIFIER = com.iconfactory.Notchmeister;
				PRODUCT_NAME = "$(TARGET_NAME)";
				SWIFT_EMIT_LOC_STRINGS = YES;
				SWIFT_VERSION = 5.0;
			};
			name = Release;
		};
/* End XCBuildConfiguration section */

/* Begin XCConfigurationList section */
		441C5AA9272C9FD10094507E /* Build configuration list for PBXProject "Notchmeister" */ = {
			isa = XCConfigurationList;
			buildConfigurations = (
				441C5ABB272C9FD30094507E /* Debug */,
				441C5ABC272C9FD30094507E /* Release */,
			);
			defaultConfigurationIsVisible = 0;
			defaultConfigurationName = Release;
		};
		441C5ABD272C9FD30094507E /* Build configuration list for PBXNativeTarget "Notchmeister" */ = {
			isa = XCConfigurationList;
			buildConfigurations = (
				441C5ABE272C9FD30094507E /* Debug */,
				441C5ABF272C9FD30094507E /* Release */,
			);
			defaultConfigurationIsVisible = 0;
			defaultConfigurationName = Release;
		};
/* End XCConfigurationList section */
	};
	rootObject = 441C5AA6272C9FD10094507E /* Project object */;
}
