// !$*UTF8*$!
{
	archiveVersion = 1;
	classes = {
	};
	objectVersion = 55;
	objects = {

/* Begin PBXBuildFile section */
		011C15B6272E1635003422E5 /* Defaults.swift in Sources */ = {isa = PBXBuildFile; fileRef = 011C15B5272E1635003422E5 /* Defaults.swift */; };
		011C15B8272F36D3003422E5 /* BezierPath.swift in Sources */ = {isa = PBXBuildFile; fileRef = 011C15B7272F36D3003422E5 /* BezierPath.swift */; };
		441C5AB2272C9FD10094507E /* AppDelegate.swift in Sources */ = {isa = PBXBuildFile; fileRef = 441C5AB1272C9FD10094507E /* AppDelegate.swift */; };
		441C5AB4272C9FD10094507E /* ViewController.swift in Sources */ = {isa = PBXBuildFile; fileRef = 441C5AB3272C9FD10094507E /* ViewController.swift */; };
		441C5AB6272C9FD30094507E /* Assets.xcassets in Resources */ = {isa = PBXBuildFile; fileRef = 441C5AB5272C9FD30094507E /* Assets.xcassets */; };
		441C5AB9272C9FD30094507E /* Main.storyboard in Resources */ = {isa = PBXBuildFile; fileRef = 441C5AB7272C9FD30094507E /* Main.storyboard */; };
		441C5AC1272CA0790094507E /* NotchWindow.swift in Sources */ = {isa = PBXBuildFile; fileRef = 441C5AC0272CA0780094507E /* NotchWindow.swift */; };
		441C5AC3272CA5310094507E /* NotchView.swift in Sources */ = {isa = PBXBuildFile; fileRef = 441C5AC2272CA5310094507E /* NotchView.swift */; };
		441C5AC5272CA72F0094507E /* Debug.swift in Sources */ = {isa = PBXBuildFile; fileRef = 441C5AC4272CA72F0094507E /* Debug.swift */; };
		441C5AC7272CB2B00094507E /* CoreAnimation.swift in Sources */ = {isa = PBXBuildFile; fileRef = 441C5AC6272CB2B00094507E /* CoreAnimation.swift */; };
/* End PBXBuildFile section */

/* Begin PBXFileReference section */
		011C15B5272E1635003422E5 /* Defaults.swift */ = {isa = PBXFileReference; lastKnownFileType = sourcecode.swift; path = Defaults.swift; sourceTree = "<group>"; };
		011C15B7272F36D3003422E5 /* BezierPath.swift */ = {isa = PBXFileReference; lastKnownFileType = sourcecode.swift; path = BezierPath.swift; sourceTree = "<group>"; };
		441C5AAE272C9FD10094507E /* Notchmeister.app */ = {isa = PBXFileReference; explicitFileType = wrapper.application; includeInIndex = 0; path = Notchmeister.app; sourceTree = BUILT_PRODUCTS_DIR; };
		441C5AB1272C9FD10094507E /* AppDelegate.swift */ = {isa = PBXFileReference; lastKnownFileType = sourcecode.swift; path = AppDelegate.swift; sourceTree = "<group>"; };
		441C5AB3272C9FD10094507E /* ViewController.swift */ = {isa = PBXFileReference; lastKnownFileType = sourcecode.swift; path = ViewController.swift; sourceTree = "<group>"; };
		441C5AB5272C9FD30094507E /* Assets.xcassets */ = {isa = PBXFileReference; lastKnownFileType = folder.assetcatalog; path = Assets.xcassets; sourceTree = "<group>"; };
		441C5AB8272C9FD30094507E /* Base */ = {isa = PBXFileReference; lastKnownFileType = file.storyboard; name = Base; path = Base.lproj/Main.storyboard; sourceTree = "<group>"; };
		441C5ABA272C9FD30094507E /* Notchmeister.entitlements */ = {isa = PBXFileReference; lastKnownFileType = text.plist.entitlements; path = Notchmeister.entitlements; sourceTree = "<group>"; };
		441C5AC0272CA0780094507E /* NotchWindow.swift */ = {isa = PBXFileReference; fileEncoding = 4; lastKnownFileType = sourcecode.swift; path = NotchWindow.swift; sourceTree = "<group>"; };
		441C5AC2272CA5310094507E /* NotchView.swift */ = {isa = PBXFileReference; lastKnownFileType = sourcecode.swift; path = NotchView.swift; sourceTree = "<group>"; };
		441C5AC4272CA72F0094507E /* Debug.swift */ = {isa = PBXFileReference; fileEncoding = 4; lastKnownFileType = sourcecode.swift; path = Debug.swift; sourceTree = "<group>"; };
		441C5AC6272CB2B00094507E /* CoreAnimation.swift */ = {isa = PBXFileReference; lastKnownFileType = sourcecode.swift; path = CoreAnimation.swift; sourceTree = "<group>"; };
		51F8A85A272CCB9100D349F1 /* Notchmeister_project_release.xcconfig */ = {isa = PBXFileReference; lastKnownFileType = text.xcconfig; path = Notchmeister_project_release.xcconfig; sourceTree = "<group>"; };
		51F8A85B272CCB9100D349F1 /* Notchmeister_project_debug.xcconfig */ = {isa = PBXFileReference; lastKnownFileType = text.xcconfig; path = Notchmeister_project_debug.xcconfig; sourceTree = "<group>"; };
		51F8A85D272CCB9200D349F1 /* Notchmeister_macapp_target.xcconfig */ = {isa = PBXFileReference; lastKnownFileType = text.xcconfig; path = Notchmeister_macapp_target.xcconfig; sourceTree = "<group>"; };
		51F8A85E272CCB9200D349F1 /* Notchmeister_project.xcconfig */ = {isa = PBXFileReference; lastKnownFileType = text.xcconfig; path = Notchmeister_project.xcconfig; sourceTree = "<group>"; };
		51F8A861272CCC9C00D349F1 /* Info.plist */ = {isa = PBXFileReference; lastKnownFileType = text.plist.xml; path = Info.plist; sourceTree = "<group>"; };
/* End PBXFileReference section */

/* Begin PBXFrameworksBuildPhase section */
		441C5AAB272C9FD10094507E /* Frameworks */ = {
			isa = PBXFrameworksBuildPhase;
			buildActionMask = 2147483647;
			files = (
			);
			runOnlyForDeploymentPostprocessing = 0;
		};
/* End PBXFrameworksBuildPhase section */

/* Begin PBXGroup section */
		441C5AA5272C9FD10094507E = {
			isa = PBXGroup;
			children = (
				441C5AB0272C9FD10094507E /* Notchmeister */,
				51F8A854272CC9C300D349F1 /* xcconfig */,
				441C5AAF272C9FD10094507E /* Products */,
			);
			sourceTree = "<group>";
		};
		441C5AAF272C9FD10094507E /* Products */ = {
			isa = PBXGroup;
			children = (
				441C5AAE272C9FD10094507E /* Notchmeister.app */,
			);
			name = Products;
			sourceTree = "<group>";
		};
		441C5AB0272C9FD10094507E /* Notchmeister */ = {
			isa = PBXGroup;
			children = (
				441C5AB1272C9FD10094507E /* AppDelegate.swift */,
				441C5AB3272C9FD10094507E /* ViewController.swift */,
				441C5AC0272CA0780094507E /* NotchWindow.swift */,
				441C5AC2272CA5310094507E /* NotchView.swift */,
				441C5AC6272CB2B00094507E /* CoreAnimation.swift */,
				011C15B7272F36D3003422E5 /* BezierPath.swift */,
				011C15B5272E1635003422E5 /* Defaults.swift */,
				441C5AC4272CA72F0094507E /* Debug.swift */,
				441C5AB5272C9FD30094507E /* Assets.xcassets */,
				441C5AB7272C9FD30094507E /* Main.storyboard */,
				441C5ABA272C9FD30094507E /* Notchmeister.entitlements */,
				51F8A861272CCC9C00D349F1 /* Info.plist */,
			);
			path = Notchmeister;
			sourceTree = "<group>";
		};
		51F8A854272CC9C300D349F1 /* xcconfig */ = {
			isa = PBXGroup;
			children = (
				51F8A85D272CCB9200D349F1 /* Notchmeister_macapp_target.xcconfig */,
				51F8A85B272CCB9100D349F1 /* Notchmeister_project_debug.xcconfig */,
				51F8A85A272CCB9100D349F1 /* Notchmeister_project_release.xcconfig */,
				51F8A85E272CCB9200D349F1 /* Notchmeister_project.xcconfig */,
			);
			path = xcconfig;
			sourceTree = "<group>";
		};
/* End PBXGroup section */

/* Begin PBXNativeTarget section */
		441C5AAD272C9FD10094507E /* Notchmeister */ = {
			isa = PBXNativeTarget;
			buildConfigurationList = 441C5ABD272C9FD30094507E /* Build configuration list for PBXNativeTarget "Notchmeister" */;
			buildPhases = (
				441C5AAA272C9FD10094507E /* Sources */,
				441C5AAB272C9FD10094507E /* Frameworks */,
				441C5AAC272C9FD10094507E /* Resources */,
				51F8A860272CCB9B00D349F1 /* Run VerifyNoBS */,
			);
			buildRules = (
			);
			dependencies = (
			);
			name = Notchmeister;
			productName = Notchmeister;
			productReference = 441C5AAE272C9FD10094507E /* Notchmeister.app */;
			productType = "com.apple.product-type.application";
		};
/* End PBXNativeTarget section */

/* Begin PBXProject section */
		441C5AA6272C9FD10094507E /* Project object */ = {
			isa = PBXProject;
			attributes = {
				BuildIndependentTargetsInParallel = 1;
				LastSwiftUpdateCheck = 1310;
				LastUpgradeCheck = 1310;
				TargetAttributes = {
					441C5AAD272C9FD10094507E = {
						CreatedOnToolsVersion = 13.1;
					};
				};
			};
			buildConfigurationList = 441C5AA9272C9FD10094507E /* Build configuration list for PBXProject "Notchmeister" */;
			compatibilityVersion = "Xcode 13.0";
			developmentRegion = en;
			hasScannedForEncodings = 0;
			knownRegions = (
				en,
				Base,
			);
			mainGroup = 441C5AA5272C9FD10094507E;
			productRefGroup = 441C5AAF272C9FD10094507E /* Products */;
			projectDirPath = "";
			projectRoot = "";
			targets = (
				441C5AAD272C9FD10094507E /* Notchmeister */,
			);
		};
/* End PBXProject section */

/* Begin PBXResourcesBuildPhase section */
		441C5AAC272C9FD10094507E /* Resources */ = {
			isa = PBXResourcesBuildPhase;
			buildActionMask = 2147483647;
			files = (
				441C5AB6272C9FD30094507E /* Assets.xcassets in Resources */,
				441C5AB9272C9FD30094507E /* Main.storyboard in Resources */,
			);
			runOnlyForDeploymentPostprocessing = 0;
		};
/* End PBXResourcesBuildPhase section */

/* Begin PBXShellScriptBuildPhase section */
		51F8A860272CCB9B00D349F1 /* Run VerifyNoBS */ = {
			isa = PBXShellScriptBuildPhase;
			buildActionMask = 2147483647;
			files = (
			);
			inputFileListPaths = (
			);
			inputPaths = (
			);
			name = "Run VerifyNoBS";
			outputFileListPaths = (
			);
			outputPaths = (
			);
			runOnlyForDeploymentPostprocessing = 0;
			shellPath = /bin/sh;
			shellScript = "xcrun -sdk macosx swift ../tools/VerifyNoBS.swift  --xcode  ${PROJECT_DIR}/${PROJECT_NAME}.xcodeproj/project.pbxproj\n";
		};
/* End PBXShellScriptBuildPhase section */

/* Begin PBXSourcesBuildPhase section */
		441C5AAA272C9FD10094507E /* Sources */ = {
			isa = PBXSourcesBuildPhase;
			buildActionMask = 2147483647;
			files = (
				441C5AC1272CA0790094507E /* NotchWindow.swift in Sources */,
				011C15B6272E1635003422E5 /* Defaults.swift in Sources */,
				441C5AC5272CA72F0094507E /* Debug.swift in Sources */,
				441C5AC3272CA5310094507E /* NotchView.swift in Sources */,
				011C15B8272F36D3003422E5 /* BezierPath.swift in Sources */,
				441C5AC7272CB2B00094507E /* CoreAnimation.swift in Sources */,
				441C5AB4272C9FD10094507E /* ViewController.swift in Sources */,
				441C5AB2272C9FD10094507E /* AppDelegate.swift in Sources */,
			);
			runOnlyForDeploymentPostprocessing = 0;
		};
/* End PBXSourcesBuildPhase section */

/* Begin PBXVariantGroup section */
		441C5AB7272C9FD30094507E /* Main.storyboard */ = {
			isa = PBXVariantGroup;
			children = (
				441C5AB8272C9FD30094507E /* Base */,
			);
			name = Main.storyboard;
			sourceTree = "<group>";
		};
/* End PBXVariantGroup section */

/* Begin XCBuildConfiguration section */
		441C5ABB272C9FD30094507E /* Debug */ = {
			isa = XCBuildConfiguration;
			baseConfigurationReference = 51F8A85B272CCB9100D349F1 /* Notchmeister_project_debug.xcconfig */;
			buildSettings = {
			};
			name = Debug;
		};
		441C5ABC272C9FD30094507E /* Release */ = {
			isa = XCBuildConfiguration;
			baseConfigurationReference = 51F8A85A272CCB9100D349F1 /* Notchmeister_project_release.xcconfig */;
			buildSettings = {
			};
			name = Release;
		};
		441C5ABE272C9FD30094507E /* Debug */ = {
			isa = XCBuildConfiguration;
			baseConfigurationReference = 51F8A85D272CCB9200D349F1 /* Notchmeister_macapp_target.xcconfig */;
			buildSettings = {
			};
			name = Debug;
		};
		441C5ABF272C9FD30094507E /* Release */ = {
			isa = XCBuildConfiguration;
			baseConfigurationReference = 51F8A85D272CCB9200D349F1 /* Notchmeister_macapp_target.xcconfig */;
			buildSettings = {
			};
			name = Release;
		};
/* End XCBuildConfiguration section */

/* Begin XCConfigurationList section */
		441C5AA9272C9FD10094507E /* Build configuration list for PBXProject "Notchmeister" */ = {
			isa = XCConfigurationList;
			buildConfigurations = (
				441C5ABB272C9FD30094507E /* Debug */,
				441C5ABC272C9FD30094507E /* Release */,
			);
			defaultConfigurationIsVisible = 0;
			defaultConfigurationName = Release;
		};
		441C5ABD272C9FD30094507E /* Build configuration list for PBXNativeTarget "Notchmeister" */ = {
			isa = XCConfigurationList;
			buildConfigurations = (
				441C5ABE272C9FD30094507E /* Debug */,
				441C5ABF272C9FD30094507E /* Release */,
			);
			defaultConfigurationIsVisible = 0;
			defaultConfigurationName = Release;
		};
/* End XCConfigurationList section */
	};
	rootObject = 441C5AA6272C9FD10094507E /* Project object */;
}
