// !$*UTF8*$!
{
	archiveVersion = 1;
	classes = {
	};
	objectVersion = 56;
	objects = {

/* Begin PBXBuildFile section */
		442A036A29F6EE4A00544FE0 /* AppDelegate.swift in Sources */ = {isa = PBXBuildFile; fileRef = 442A036929F6EE4A00544FE0 /* AppDelegate.swift */; };
		442A036C29F6EE4A00544FE0 /* ViewController.swift in Sources */ = {isa = PBXBuildFile; fileRef = 442A036B29F6EE4A00544FE0 /* ViewController.swift */; };
		442A036E29F6EE4B00544FE0 /* Assets.xcassets in Resources */ = {isa = PBXBuildFile; fileRef = 442A036D29F6EE4B00544FE0 /* Assets.xcassets */; };
		442A037129F6EE4B00544FE0 /* Main.storyboard in Resources */ = {isa = PBXBuildFile; fileRef = 442A036F29F6EE4B00544FE0 /* Main.storyboard */; };
		442A037929F6F08300544FE0 /* sphere.scn in Resources */ = {isa = PBXBuildFile; fileRef = 442A037829F6F08300544FE0 /* sphere.scn */; };
		442A037B29F6F0E000544FE0 /* NormalView.swift in Sources */ = {isa = PBXBuildFile; fileRef = 442A037A29F6F0E000544FE0 /* NormalView.swift */; };
		442A037D29F6F0E800544FE0 /* SceneView.swift in Sources */ = {isa = PBXBuildFile; fileRef = 442A037C29F6F0E800544FE0 /* SceneView.swift */; };
		442A037F29F6F21100544FE0 /* Debug.swift in Sources */ = {isa = PBXBuildFile; fileRef = 442A037E29F6F21100544FE0 /* Debug.swift */; };
		44F5C5E129F9F7B8000331C2 /* ImageView.swift in Sources */ = {isa = PBXBuildFile; fileRef = 44F5C5E029F9F7B8000331C2 /* ImageView.swift */; };
/* End PBXBuildFile section */

/* Begin PBXFileReference section */
		442A036629F6EE4A00544FE0 /* PurpleCircle.app */ = {isa = PBXFileReference; explicitFileType = wrapper.application; includeInIndex = 0; path = PurpleCircle.app; sourceTree = BUILT_PRODUCTS_DIR; };
		442A036929F6EE4A00544FE0 /* AppDelegate.swift */ = {isa = PBXFileReference; lastKnownFileType = sourcecode.swift; path = AppDelegate.swift; sourceTree = "<group>"; };
		442A036B29F6EE4A00544FE0 /* ViewController.swift */ = {isa = PBXFileReference; lastKnownFileType = sourcecode.swift; path = ViewController.swift; sourceTree = "<group>"; };
		442A036D29F6EE4B00544FE0 /* Assets.xcassets */ = {isa = PBXFileReference; lastKnownFileType = folder.assetcatalog; path = Assets.xcassets; sourceTree = "<group>"; };
		442A037029F6EE4B00544FE0 /* Base */ = {isa = PBXFileReference; lastKnownFileType = file.storyboard; name = Base; path = Base.lproj/Main.storyboard; sourceTree = "<group>"; };
		442A037229F6EE4B00544FE0 /* PurpleCircle.entitlements */ = {isa = PBXFileReference; lastKnownFileType = text.plist.entitlements; path = PurpleCircle.entitlements; sourceTree = "<group>"; };
		442A037829F6F08300544FE0 /* sphere.scn */ = {isa = PBXFileReference; lastKnownFileType = file.bplist; path = sphere.scn; sourceTree = "<group>"; };
		442A037A29F6F0E000544FE0 /* NormalView.swift */ = {isa = PBXFileReference; fileEncoding = 4; lastKnownFileType = sourcecode.swift; path = NormalView.swift; sourceTree = "<group>"; };
		442A037C29F6F0E800544FE0 /* SceneView.swift */ = {isa = PBXFileReference; fileEncoding = 4; lastKnownFileType = sourcecode.swift; path = SceneView.swift; sourceTree = "<group>"; };
		442A037E29F6F21100544FE0 /* Debug.swift */ = {isa = PBXFileReference; fileEncoding = 4; lastKnownFileType = sourcecode.swift; path = Debug.swift; sourceTree = "<group>"; };
		44F5C5E029F9F7B8000331C2 /* ImageView.swift */ = {isa = PBXFileReference; fileEncoding = 4; lastKnownFileType = sourcecode.swift; path = ImageView.swift; sourceTree = "<group>"; };
/* End PBXFileReference section */

/* Begin PBXFrameworksBuildPhase section */
		442A036329F6EE4A00544FE0 /* Frameworks */ = {
			isa = PBXFrameworksBuildPhase;
			buildActionMask = 2147483647;
			files = (
			);
			runOnlyForDeploymentPostprocessing = 0;
		};
/* End PBXFrameworksBuildPhase section */

/* Begin PBXGroup section */
		442A035D29F6EE4A00544FE0 = {
			isa = PBXGroup;
			children = (
				442A036829F6EE4A00544FE0 /* PurpleCircle */,
				442A036729F6EE4A00544FE0 /* Products */,
			);
			sourceTree = "<group>";
		};
		442A036729F6EE4A00544FE0 /* Products */ = {
			isa = PBXGroup;
			children = (
				442A036629F6EE4A00544FE0 /* PurpleCircle.app */,
			);
			name = Products;
			sourceTree = "<group>";
		};
		442A036829F6EE4A00544FE0 /* PurpleCircle */ = {
			isa = PBXGroup;
			children = (
				442A036929F6EE4A00544FE0 /* AppDelegate.swift */,
				442A036B29F6EE4A00544FE0 /* ViewController.swift */,
				442A037C29F6F0E800544FE0 /* SceneView.swift */,
				442A037A29F6F0E000544FE0 /* NormalView.swift */,
				44F5C5E029F9F7B8000331C2 /* ImageView.swift */,
				442A037E29F6F21100544FE0 /* Debug.swift */,
				442A036D29F6EE4B00544FE0 /* Assets.xcassets */,
				442A036F29F6EE4B00544FE0 /* Main.storyboard */,
				442A037829F6F08300544FE0 /* sphere.scn */,
				442A037229F6EE4B00544FE0 /* PurpleCircle.entitlements */,
			);
			path = PurpleCircle;
			sourceTree = "<group>";
		};
/* End PBXGroup section */

/* Begin PBXNativeTarget section */
		442A036529F6EE4A00544FE0 /* PurpleCircle */ = {
			isa = PBXNativeTarget;
			buildConfigurationList = 442A037529F6EE4B00544FE0 /* Build configuration list for PBXNativeTarget "PurpleCircle" */;
			buildPhases = (
				442A036229F6EE4A00544FE0 /* Sources */,
				442A036329F6EE4A00544FE0 /* Frameworks */,
				442A036429F6EE4A00544FE0 /* Resources */,
			);
			buildRules = (
			);
			dependencies = (
			);
			name = PurpleCircle;
			productName = PurpleCircle;
			productReference = 442A036629F6EE4A00544FE0 /* PurpleCircle.app */;
			productType = "com.apple.product-type.application";
		};
/* End PBXNativeTarget section */

/* Begin PBXProject section */
		442A035E29F6EE4A00544FE0 /* Project object */ = {
			isa = PBXProject;
			attributes = {
				BuildIndependentTargetsInParallel = 1;
				LastSwiftUpdateCheck = 1430;
				LastUpgradeCheck = 1430;
				TargetAttributes = {
					442A036529F6EE4A00544FE0 = {
						CreatedOnToolsVersion = 14.3;
					};
				};
			};
			buildConfigurationList = 442A036129F6EE4A00544FE0 /* Build configuration list for PBXProject "PurpleCircle" */;
			compatibilityVersion = "Xcode 14.0";
			developmentRegion = en;
			hasScannedForEncodings = 0;
			knownRegions = (
				en,
				Base,
			);
			mainGroup = 442A035D29F6EE4A00544FE0;
			productRefGroup = 442A036729F6EE4A00544FE0 /* Products */;
			projectDirPath = "";
			projectRoot = "";
			targets = (
				442A036529F6EE4A00544FE0 /* PurpleCircle */,
			);
		};
/* End PBXProject section */

/* Begin PBXResourcesBuildPhase section */
		442A036429F6EE4A00544FE0 /* Resources */ = {
			isa = PBXResourcesBuildPhase;
			buildActionMask = 2147483647;
			files = (
				442A037929F6F08300544FE0 /* sphere.scn in Resources */,
				442A036E29F6EE4B00544FE0 /* Assets.xcassets in Resources */,
				442A037129F6EE4B00544FE0 /* Main.storyboard in Resources */,
			);
			runOnlyForDeploymentPostprocessing = 0;
		};
/* End PBXResourcesBuildPhase section */

/* Begin PBXSourcesBuildPhase section */
		442A036229F6EE4A00544FE0 /* Sources */ = {
			isa = PBXSourcesBuildPhase;
			buildActionMask = 2147483647;
			files = (
				44F5C5E129F9F7B8000331C2 /* ImageView.swift in Sources */,
				442A037B29F6F0E000544FE0 /* NormalView.swift in Sources */,
				442A037F29F6F21100544FE0 /* Debug.swift in Sources */,
				442A036C29F6EE4A00544FE0 /* ViewController.swift in Sources */,
				442A036A29F6EE4A00544FE0 /* AppDelegate.swift in Sources */,
				442A037D29F6F0E800544FE0 /* SceneView.swift in Sources */,
			);
			runOnlyForDeploymentPostprocessing = 0;
		};
/* End PBXSourcesBuildPhase section */

/* Begin PBXVariantGroup section */
		442A036F29F6EE4B00544FE0 /* Main.storyboard */ = {
			isa = PBXVariantGroup;
			children = (
				442A037029F6EE4B00544FE0 /* Base */,
			);
			name = Main.storyboard;
			sourceTree = "<group>";
		};
/* End PBXVariantGroup section */

/* Begin XCBuildConfiguration section */
		442A037329F6EE4B00544FE0 /* Debug */ = {
			isa = XCBuildConfiguration;
			buildSettings = {
				ALWAYS_SEARCH_USER_PATHS = NO;
				CLANG_ANALYZER_NONNULL = YES;
				CLANG_ANALYZER_NUMBER_OBJECT_CONVERSION = YES_AGGRESSIVE;
				CLANG_CXX_LANGUAGE_STANDARD = "gnu++20";
				CLANG_ENABLE_MODULES = YES;
				CLANG_ENABLE_OBJC_ARC = YES;
				CLANG_ENABLE_OBJC_WEAK = YES;
				CLANG_WARN_BLOCK_CAPTURE_AUTORELEASING = YES;
				CLANG_WARN_BOOL_CONVERSION = YES;
				CLANG_WARN_COMMA = YES;
				CLANG_WARN_CONSTANT_CONVERSION = YES;
				CLANG_WARN_DEPRECATED_OBJC_IMPLEMENTATIONS = YES;
				CLANG_WARN_DIRECT_OBJC_ISA_USAGE = YES_ERROR;
				CLANG_WARN_DOCUMENTATION_COMMENTS = YES;
				CLANG_WARN_EMPTY_BODY = YES;
				CLANG_WARN_ENUM_CONVERSION = YES;
				CLANG_WARN_INFINITE_RECURSION = YES;
				CLANG_WARN_INT_CONVERSION = YES;
				CLANG_WARN_NON_LITERAL_NULL_CONVERSION = YES;
				CLANG_WARN_OBJC_IMPLICIT_RETAIN_SELF = YES;
				CLANG_WARN_OBJC_LITERAL_CONVERSION = YES;
				CLANG_WARN_OBJC_ROOT_CLASS = YES_ERROR;
				CLANG_WARN_QUOTED_INCLUDE_IN_FRAMEWORK_HEADER = YES;
				CLANG_WARN_RANGE_LOOP_ANALYSIS = YES;
				CLANG_WARN_STRICT_PROTOTYPES = YES;
				CLANG_WARN_SUSPICIOUS_MOVE = YES;
				CLANG_WARN_UNGUARDED_AVAILABILITY = YES_AGGRESSIVE;
				CLANG_WARN_UNREACHABLE_CODE = YES;
				CLANG_WARN__DUPLICATE_METHOD_MATCH = YES;
				COPY_PHASE_STRIP = NO;
				DEBUG_INFORMATION_FORMAT = dwarf;
				ENABLE_STRICT_OBJC_MSGSEND = YES;
				ENABLE_TESTABILITY = YES;
				GCC_C_LANGUAGE_STANDARD = gnu11;
				GCC_DYNAMIC_NO_PIC = NO;
				GCC_NO_COMMON_BLOCKS = YES;
				GCC_OPTIMIZATION_LEVEL = 0;
				GCC_PREPROCESSOR_DEFINITIONS = (
					"DEBUG=1",
					"$(inherited)",
				);
				GCC_WARN_64_TO_32_BIT_CONVERSION = YES;
				GCC_WARN_ABOUT_RETURN_TYPE = YES_ERROR;
				GCC_WARN_UNDECLARED_SELECTOR = YES;
				GCC_WARN_UNINITIALIZED_AUTOS = YES_AGGRESSIVE;
				GCC_WARN_UNUSED_FUNCTION = YES;
				GCC_WARN_UNUSED_VARIABLE = YES;
				MACOSX_DEPLOYMENT_TARGET = 13.2;
				MTL_ENABLE_DEBUG_INFO = INCLUDE_SOURCE;
				MTL_FAST_MATH = YES;
				ONLY_ACTIVE_ARCH = YES;
				SDKROOT = macosx;
				SWIFT_ACTIVE_COMPILATION_CONDITIONS = DEBUG;
				SWIFT_OPTIMIZATION_LEVEL = "-Onone";
			};
			name = Debug;
		};
		442A037429F6EE4B00544FE0 /* Release */ = {
			isa = XCBuildConfiguration;
			buildSettings = {
				ALWAYS_SEARCH_USER_PATHS = NO;
				CLANG_ANALYZER_NONNULL = YES;
				CLANG_ANALYZER_NUMBER_OBJECT_CONVERSION = YES_AGGRESSIVE;
				CLANG_CXX_LANGUAGE_STANDARD = "gnu++20";
				CLANG_ENABLE_MODULES = YES;
				CLANG_ENABLE_OBJC_ARC = YES;
				CLANG_ENABLE_OBJC_WEAK = YES;
				CLANG_WARN_BLOCK_CAPTURE_AUTORELEASING = YES;
				CLANG_WARN_BOOL_CONVERSION = YES;
				CLANG_WARN_COMMA = YES;
				CLANG_WARN_CONSTANT_CONVERSION = YES;
				CLANG_WARN_DEPRECATED_OBJC_IMPLEMENTATIONS = YES;
				CLANG_WARN_DIRECT_OBJC_ISA_USAGE = YES_ERROR;
				CLANG_WARN_DOCUMENTATION_COMMENTS = YES;
				CLANG_WARN_EMPTY_BODY = YES;
				CLANG_WARN_ENUM_CONVERSION = YES;
				CLANG_WARN_INFINITE_RECURSION = YES;
				CLANG_WARN_INT_CONVERSION = YES;
				CLANG_WARN_NON_LITERAL_NULL_CONVERSION = YES;
				CLANG_WARN_OBJC_IMPLICIT_RETAIN_SELF = YES;
				CLANG_WARN_OBJC_LITERAL_CONVERSION = YES;
				CLANG_WARN_OBJC_ROOT_CLASS = YES_ERROR;
				CLANG_WARN_QUOTED_INCLUDE_IN_FRAMEWORK_HEADER = YES;
				CLANG_WARN_RANGE_LOOP_ANALYSIS = YES;
				CLANG_WARN_STRICT_PROTOTYPES = YES;
				CLANG_WARN_SUSPICIOUS_MOVE = YES;
				CLANG_WARN_UNGUARDED_AVAILABILITY = YES_AGGRESSIVE;
				CLANG_WARN_UNREACHABLE_CODE = YES;
				CLANG_WARN__DUPLICATE_METHOD_MATCH = YES;
				COPY_PHASE_STRIP = NO;
				DEBUG_INFORMATION_FORMAT = "dwarf-with-dsym";
				ENABLE_NS_ASSERTIONS = NO;
				ENABLE_STRICT_OBJC_MSGSEND = YES;
				GCC_C_LANGUAGE_STANDARD = gnu11;
				GCC_NO_COMMON_BLOCKS = YES;
				GCC_WARN_64_TO_32_BIT_CONVERSION = YES;
				GCC_WARN_ABOUT_RETURN_TYPE = YES_ERROR;
				GCC_WARN_UNDECLARED_SELECTOR = YES;
				GCC_WARN_UNINITIALIZED_AUTOS = YES_AGGRESSIVE;
				GCC_WARN_UNUSED_FUNCTION = YES;
				GCC_WARN_UNUSED_VARIABLE = YES;
				MACOSX_DEPLOYMENT_TARGET = 13.2;
				MTL_ENABLE_DEBUG_INFO = NO;
				MTL_FAST_MATH = YES;
				SDKROOT = macosx;
				SWIFT_COMPILATION_MODE = wholemodule;
				SWIFT_OPTIMIZATION_LEVEL = "-O";
			};
			name = Release;
		};
		442A037629F6EE4B00544FE0 /* Debug */ = {
			isa = XCBuildConfiguration;
			buildSettings = {
				ASSETCATALOG_COMPILER_APPICON_NAME = AppIcon;
				ASSETCATALOG_COMPILER_GLOBAL_ACCENT_COLOR_NAME = AccentColor;
				CODE_SIGN_ENTITLEMENTS = PurpleCircle/PurpleCircle.entitlements;
				CODE_SIGN_STYLE = Automatic;
				COMBINE_HIDPI_IMAGES = YES;
				CURRENT_PROJECT_VERSION = 1;
				DEVELOPMENT_TEAM = RYQWBTQRPT;
				ENABLE_HARDENED_RUNTIME = YES;
				GENERATE_INFOPLIST_FILE = YES;
				INFOPLIST_KEY_NSHumanReadableCopyright = "";
				INFOPLIST_KEY_NSMainStoryboardFile = Main;
				INFOPLIST_KEY_NSPrincipalClass = NSApplication;
				LD_RUNPATH_SEARCH_PATHS = (
					"$(inherited)",
					"@executable_path/../Frameworks",
				);
				MARKETING_VERSION = 1.0;
				PRODUCT_BUNDLE_IDENTIFIER = com.iconfactory.PurpleCircle;
				PRODUCT_NAME = "$(TARGET_NAME)";
				SWIFT_EMIT_LOC_STRINGS = YES;
				SWIFT_VERSION = 5.0;
			};
			name = Debug;
		};
		442A037729F6EE4B00544FE0 /* Release */ = {
			isa = XCBuildConfiguration;
			buildSettings = {
				ASSETCATALOG_COMPILER_APPICON_NAME = AppIcon;
				ASSETCATALOG_COMPILER_GLOBAL_ACCENT_COLOR_NAME = AccentColor;
				CODE_SIGN_ENTITLEMENTS = PurpleCircle/PurpleCircle.entitlements;
				CODE_SIGN_STYLE = Automatic;
				COMBINE_HIDPI_IMAGES = YES;
				CURRENT_PROJECT_VERSION = 1;
				DEVELOPMENT_TEAM = RYQWBTQRPT;
				ENABLE_HARDENED_RUNTIME = YES;
				GENERATE_INFOPLIST_FILE = YES;
				INFOPLIST_KEY_NSHumanReadableCopyright = "";
				INFOPLIST_KEY_NSMainStoryboardFile = Main;
				INFOPLIST_KEY_NSPrincipalClass = NSApplication;
				LD_RUNPATH_SEARCH_PATHS = (
					"$(inherited)",
					"@executable_path/../Frameworks",
				);
				MARKETING_VERSION = 1.0;
				PRODUCT_BUNDLE_IDENTIFIER = com.iconfactory.PurpleCircle;
				PRODUCT_NAME = "$(TARGET_NAME)";
				SWIFT_EMIT_LOC_STRINGS = YES;
				SWIFT_VERSION = 5.0;
			};
			name = Release;
		};
/* End XCBuildConfiguration section */

/* Begin XCConfigurationList section */
		442A036129F6EE4A00544FE0 /* Build configuration list for PBXProject "PurpleCircle" */ = {
			isa = XCConfigurationList;
			buildConfigurations = (
				442A037329F6EE4B00544FE0 /* Debug */,
				442A037429F6EE4B00544FE0 /* Release */,
			);
			defaultConfigurationIsVisible = 0;
			defaultConfigurationName = Release;
		};
		442A037529F6EE4B00544FE0 /* Build configuration list for PBXNativeTarget "PurpleCircle" */ = {
			isa = XCConfigurationList;
			buildConfigurations = (
				442A037629F6EE4B00544FE0 /* Debug */,
				442A037729F6EE4B00544FE0 /* Release */,
			);
			defaultConfigurationIsVisible = 0;
			defaultConfigurationName = Release;
		};
/* End XCConfigurationList section */
	};
	rootObject = 442A035E29F6EE4A00544FE0 /* Project object */;
}
